{
  "originHash" : "a75eae85695315c2f0d52fa7a0cf9cb27e6c4607f57160c624eaccde68d7b639",
  "pins" : [
    {
      "identity" : "keychainaccess",
      "kind" : "remoteSourceControl",
      "location" : "https://github.com/kishikawakatsumi/KeychainAccess.git",
      "state" : {
        "branch" : "master",
        "revision" : "e0c7eebc5a4465a3c4680764f26b7a61f567cdaf"
      }
    },
    {
      "identity" : "lottie-ios",
      "kind" : "remoteSourceControl",
      "location" : "https://github.com/airbnb/lottie-ios.git",
      "state" : {
        "revision" : "fe4c6fe3a0aa66cdeb51d549623c82ca9704b9a5",
        "version" : "4.5.0"
      }
    },
    {
      "identity" : "supereasylayout",
      "kind" : "remoteSourceControl",
      "location" : "https://github.com/doil6317/SuperEasyLayout.git",
      "state" : {
        "revision" : "0d2a9111aa62e6f2b2a3bb70e526e5cf00e9f8f6",
        "version" : "0.3.0"
      }
    }
  ],
  "version" : 3
}
